// !$*UTF8*$!
{
	archiveVersion = 1;
	classes = {
	};
	objectVersion = 48;
	objects = {

/* Begin PBXBuildFile section */
		23C86540C0C8F64696248298 /* Pods_App.framework in Frameworks */ = {isa = PBXBuildFile; fileRef = 34FABA4A0F457D457ED60347 /* Pods_App.framework */; };
		8E1A230921BBA7C6000632C7 /* AppDelegate.m in Sources */ = {isa = PBXBuildFile; fileRef = 8E1A230821BBA7C6000632C7 /* AppDelegate.m */; };
		8E1A231121BBA7C6000632C7 /* Assets.xcassets in Resources */ = {isa = PBXBuildFile; fileRef = 8E1A231021BBA7C6000632C7 /* Assets.xcassets */; };
		8E1A231421BBA7C6000632C7 /* LaunchScreen.storyboard in Resources */ = {isa = PBXBuildFile; fileRef = 8E1A231221BBA7C6000632C7 /* LaunchScreen.storyboard */; };
		8E1A231721BBA7C6000632C7 /* main.m in Sources */ = {isa = PBXBuildFile; fileRef = 8E1A231621BBA7C6000632C7 /* main.m */; };
		8E1A232021BBB03D000632C7 /* BLFriendShipViewController.m in Sources */ = {isa = PBXBuildFile; fileRef = 8E1A231F21BBB03D000632C7 /* BLFriendShipViewController.m */; };
		8E1A232521BBB116000632C7 /* BLFriendShipCell.m in Sources */ = {isa = PBXBuildFile; fileRef = 8E1A232321BBB116000632C7 /* BLFriendShipCell.m */; };
		8E1A232621BBB116000632C7 /* BLFriendShipCell.xib in Resources */ = {isa = PBXBuildFile; fileRef = 8E1A232421BBB116000632C7 /* BLFriendShipCell.xib */; };
		8E1A232F21BCB847000632C7 /* UILabel+Add.m in Sources */ = {isa = PBXBuildFile; fileRef = 8E1A232E21BCB7CD000632C7 /* UILabel+Add.m */; };
		8E1A233121BCC4D5000632C7 /* data.json in Resources */ = {isa = PBXBuildFile; fileRef = 8E1A233021BCC4D5000632C7 /* data.json */; };
		8E7138CA21BCD17800EB910B /* BLFSModel.m in Sources */ = {isa = PBXBuildFile; fileRef = 8E7138C921BCD17800EB910B /* BLFSModel.m */; };
/* End PBXBuildFile section */

/* Begin PBXFileReference section */
		0A927F74CB5FCDB37D6C94CA /* Pods-App.release.xcconfig */ = {isa = PBXFileReference; includeInIndex = 1; lastKnownFileType = text.xcconfig; name = "Pods-App.release.xcconfig"; path = "Pods/Target Support Files/Pods-App/Pods-App.release.xcconfig"; sourceTree = "<group>"; };
		34FABA4A0F457D457ED60347 /* Pods_App.framework */ = {isa = PBXFileReference; explicitFileType = wrapper.framework; includeInIndex = 0; path = Pods_App.framework; sourceTree = BUILT_PRODUCTS_DIR; };
		7606965066E3535F834A85F2 /* Pods-App.debug.xcconfig */ = {isa = PBXFileReference; includeInIndex = 1; lastKnownFileType = text.xcconfig; name = "Pods-App.debug.xcconfig"; path = "Pods/Target Support Files/Pods-App/Pods-App.debug.xcconfig"; sourceTree = "<group>"; };
		8E1A230421BBA7C6000632C7 /* App.app */ = {isa = PBXFileReference; explicitFileType = wrapper.application; includeInIndex = 0; path = App.app; sourceTree = BUILT_PRODUCTS_DIR; };
		8E1A230721BBA7C6000632C7 /* AppDelegate.h */ = {isa = PBXFileReference; lastKnownFileType = sourcecode.c.h; path = AppDelegate.h; sourceTree = "<group>"; };
		8E1A230821BBA7C6000632C7 /* AppDelegate.m */ = {isa = PBXFileReference; lastKnownFileType = sourcecode.c.objc; path = AppDelegate.m; sourceTree = "<group>"; };
		8E1A231021BBA7C6000632C7 /* Assets.xcassets */ = {isa = PBXFileReference; lastKnownFileType = folder.assetcatalog; path = Assets.xcassets; sourceTree = "<group>"; };
		8E1A231321BBA7C6000632C7 /* Base */ = {isa = PBXFileReference; lastKnownFileType = file.storyboard; name = Base; path = Base.lproj/LaunchScreen.storyboard; sourceTree = "<group>"; };
		8E1A231521BBA7C6000632C7 /* Info.plist */ = {isa = PBXFileReference; lastKnownFileType = text.plist.xml; path = Info.plist; sourceTree = "<group>"; };
		8E1A231621BBA7C6000632C7 /* main.m */ = {isa = PBXFileReference; lastKnownFileType = sourcecode.c.objc; path = main.m; sourceTree = "<group>"; };
		8E1A231E21BBB03D000632C7 /* BLFriendShipViewController.h */ = {isa = PBXFileReference; lastKnownFileType = sourcecode.c.h; path = BLFriendShipViewController.h; sourceTree = "<group>"; };
		8E1A231F21BBB03D000632C7 /* BLFriendShipViewController.m */ = {isa = PBXFileReference; lastKnownFileType = sourcecode.c.objc; path = BLFriendShipViewController.m; sourceTree = "<group>"; };
		8E1A232221BBB116000632C7 /* BLFriendShipCell.h */ = {isa = PBXFileReference; lastKnownFileType = sourcecode.c.h; path = BLFriendShipCell.h; sourceTree = "<group>"; };
		8E1A232321BBB116000632C7 /* BLFriendShipCell.m */ = {isa = PBXFileReference; lastKnownFileType = sourcecode.c.objc; path = BLFriendShipCell.m; sourceTree = "<group>"; };
		8E1A232421BBB116000632C7 /* BLFriendShipCell.xib */ = {isa = PBXFileReference; lastKnownFileType = file.xib; path = BLFriendShipCell.xib; sourceTree = "<group>"; };
		8E1A232D21BCB7CD000632C7 /* UILabel+Add.h */ = {isa = PBXFileReference; lastKnownFileType = sourcecode.c.h; path = "UILabel+Add.h"; sourceTree = "<group>"; };
		8E1A232E21BCB7CD000632C7 /* UILabel+Add.m */ = {isa = PBXFileReference; lastKnownFileType = sourcecode.c.objc; path = "UILabel+Add.m"; sourceTree = "<group>"; };
		8E1A233021BCC4D5000632C7 /* data.json */ = {isa = PBXFileReference; lastKnownFileType = text.json; path = data.json; sourceTree = "<group>"; };
		8E7138C821BCD17800EB910B /* BLFSModel.h */ = {isa = PBXFileReference; lastKnownFileType = sourcecode.c.h; path = BLFSModel.h; sourceTree = "<group>"; };
		8E7138C921BCD17800EB910B /* BLFSModel.m */ = {isa = PBXFileReference; lastKnownFileType = sourcecode.c.objc; path = BLFSModel.m; sourceTree = "<group>"; };
/* End PBXFileReference section */

/* Begin PBXFrameworksBuildPhase section */
		8E1A230121BBA7C6000632C7 /* Frameworks */ = {
			isa = PBXFrameworksBuildPhase;
			buildActionMask = 2147483647;
			files = (
				23C86540C0C8F64696248298 /* Pods_App.framework in Frameworks */,
			);
			runOnlyForDeploymentPostprocessing = 0;
		};
/* End PBXFrameworksBuildPhase section */

/* Begin PBXGroup section */
		8E1A22FB21BBA7C6000632C7 = {
			isa = PBXGroup;
			children = (
				8E1A230621BBA7C6000632C7 /* App */,
				8E1A230521BBA7C6000632C7 /* Products */,
				E44697F7C316B8DFCB7F886A /* Pods */,
				E7C4DE195A3347C8A4ACA3D8 /* Frameworks */,
			);
			sourceTree = "<group>";
		};
		8E1A230521BBA7C6000632C7 /* Products */ = {
			isa = PBXGroup;
			children = (
				8E1A230421BBA7C6000632C7 /* App.app */,
			);
			name = Products;
			sourceTree = "<group>";
		};
		8E1A230621BBA7C6000632C7 /* App */ = {
			isa = PBXGroup;
			children = (
				8E1A232C21BCB7CD000632C7 /* 分类 */,
				8E1A231D21BBAF71000632C7 /* Module */,
				8E1A230721BBA7C6000632C7 /* AppDelegate.h */,
				8E1A230821BBA7C6000632C7 /* AppDelegate.m */,
				8E1A231021BBA7C6000632C7 /* Assets.xcassets */,
				8E1A231221BBA7C6000632C7 /* LaunchScreen.storyboard */,
				8E1A231521BBA7C6000632C7 /* Info.plist */,
				8E1A231621BBA7C6000632C7 /* main.m */,
				8E1A233021BCC4D5000632C7 /* data.json */,
			);
			path = App;
			sourceTree = "<group>";
		};
		8E1A231D21BBAF71000632C7 /* Module */ = {
			isa = PBXGroup;
			children = (
				8E7138C721BCD15500EB910B /* Model */,
				8E1A232121BBB0F0000632C7 /* Cell */,
				8E1A231E21BBB03D000632C7 /* BLFriendShipViewController.h */,
				8E1A231F21BBB03D000632C7 /* BLFriendShipViewController.m */,
			);
			path = Module;
			sourceTree = "<group>";
		};
		8E1A232121BBB0F0000632C7 /* Cell */ = {
			isa = PBXGroup;
			children = (
				8E1A232221BBB116000632C7 /* BLFriendShipCell.h */,
				8E1A232321BBB116000632C7 /* BLFriendShipCell.m */,
				8E1A232421BBB116000632C7 /* BLFriendShipCell.xib */,
			);
			path = Cell;
			sourceTree = "<group>";
		};
		8E1A232C21BCB7CD000632C7 /* 分类 */ = {
			isa = PBXGroup;
			children = (
				8E1A232D21BCB7CD000632C7 /* UILabel+Add.h */,
				8E1A232E21BCB7CD000632C7 /* UILabel+Add.m */,
			);
			path = "分类";
			sourceTree = "<group>";
		};
		8E7138C721BCD15500EB910B /* Model */ = {
			isa = PBXGroup;
			children = (
				8E7138C821BCD17800EB910B /* BLFSModel.h */,
				8E7138C921BCD17800EB910B /* BLFSModel.m */,
			);
			path = Model;
			sourceTree = "<group>";
		};
		E44697F7C316B8DFCB7F886A /* Pods */ = {
			isa = PBXGroup;
			children = (
				7606965066E3535F834A85F2 /* Pods-App.debug.xcconfig */,
				0A927F74CB5FCDB37D6C94CA /* Pods-App.release.xcconfig */,
			);
			name = Pods;
			sourceTree = "<group>";
		};
		E7C4DE195A3347C8A4ACA3D8 /* Frameworks */ = {
			isa = PBXGroup;
			children = (
				34FABA4A0F457D457ED60347 /* Pods_App.framework */,
			);
			name = Frameworks;
			sourceTree = "<group>";
		};
/* End PBXGroup section */

/* Begin PBXNativeTarget section */
		8E1A230321BBA7C6000632C7 /* App */ = {
			isa = PBXNativeTarget;
			buildConfigurationList = 8E1A231A21BBA7C6000632C7 /* Build configuration list for PBXNativeTarget "App" */;
			buildPhases = (
				9D2B8A927523B9B2CA860196 /* [CP] Check Pods Manifest.lock */,
				8E1A230021BBA7C6000632C7 /* Sources */,
				8E1A230121BBA7C6000632C7 /* Frameworks */,
				8E1A230221BBA7C6000632C7 /* Resources */,
				DED0389D4B2E623F7BE12670 /* [CP] Embed Pods Frameworks */,
				B1D87AFFBFF79955B057278C /* [CP] Copy Pods Resources */,
			);
			buildRules = (
			);
			dependencies = (
			);
			name = App;
			productName = App;
			productReference = 8E1A230421BBA7C6000632C7 /* App.app */;
			productType = "com.apple.product-type.application";
		};
/* End PBXNativeTarget section */

/* Begin PBXProject section */
		8E1A22FC21BBA7C6000632C7 /* Project object */ = {
			isa = PBXProject;
			attributes = {
				LastUpgradeCheck = 0900;
				ORGANIZATIONNAME = boundless;
				TargetAttributes = {
					8E1A230321BBA7C6000632C7 = {
						CreatedOnToolsVersion = 9.0;
						ProvisioningStyle = Automatic;
					};
				};
			};
			buildConfigurationList = 8E1A22FF21BBA7C6000632C7 /* Build configuration list for PBXProject "App" */;
			compatibilityVersion = "Xcode 8.0";
			developmentRegion = en;
			hasScannedForEncodings = 0;
			knownRegions = (
				en,
				Base,
			);
			mainGroup = 8E1A22FB21BBA7C6000632C7;
			productRefGroup = 8E1A230521BBA7C6000632C7 /* Products */;
			projectDirPath = "";
			projectRoot = "";
			targets = (
				8E1A230321BBA7C6000632C7 /* App */,
			);
		};
/* End PBXProject section */

/* Begin PBXResourcesBuildPhase section */
		8E1A230221BBA7C6000632C7 /* Resources */ = {
			isa = PBXResourcesBuildPhase;
			buildActionMask = 2147483647;
			files = (
				8E1A231421BBA7C6000632C7 /* LaunchScreen.storyboard in Resources */,
				8E1A232621BBB116000632C7 /* BLFriendShipCell.xib in Resources */,
				8E1A231121BBA7C6000632C7 /* Assets.xcassets in Resources */,
				8E1A233121BCC4D5000632C7 /* data.json in Resources */,
			);
			runOnlyForDeploymentPostprocessing = 0;
		};
/* End PBXResourcesBuildPhase section */

/* Begin PBXShellScriptBuildPhase section */
		9D2B8A927523B9B2CA860196 /* [CP] Check Pods Manifest.lock */ = {
			isa = PBXShellScriptBuildPhase;
			buildActionMask = 2147483647;
			files = (
			);
			inputPaths = (
				"${PODS_PODFILE_DIR_PATH}/Podfile.lock",
				"${PODS_ROOT}/Manifest.lock",
			);
			name = "[CP] Check Pods Manifest.lock";
			outputPaths = (
				"$(DERIVED_FILE_DIR)/Pods-App-checkManifestLockResult.txt",
			);
			runOnlyForDeploymentPostprocessing = 0;
			shellPath = /bin/sh;
			shellScript = "diff \"${PODS_PODFILE_DIR_PATH}/Podfile.lock\" \"${PODS_ROOT}/Manifest.lock\" > /dev/null\nif [ $? != 0 ] ; then\n    # print error to STDERR\n    echo \"error: The sandbox is not in sync with the Podfile.lock. Run 'pod install' or update your CocoaPods installation.\" >&2\n    exit 1\nfi\n# This output is used by Xcode 'outputs' to avoid re-running this script phase.\necho \"SUCCESS\" > \"${SCRIPT_OUTPUT_FILE_0}\"\n";
			showEnvVarsInLog = 0;
		};
		B1D87AFFBFF79955B057278C /* [CP] Copy Pods Resources */ = {
			isa = PBXShellScriptBuildPhase;
			buildActionMask = 2147483647;
			files = (
			);
			inputPaths = (
			);
			name = "[CP] Copy Pods Resources";
			outputPaths = (
			);
			runOnlyForDeploymentPostprocessing = 0;
			shellPath = /bin/sh;
			shellScript = "\"${SRCROOT}/Pods/Target Support Files/Pods-App/Pods-App-resources.sh\"\n";
			showEnvVarsInLog = 0;
		};
		DED0389D4B2E623F7BE12670 /* [CP] Embed Pods Frameworks */ = {
			isa = PBXShellScriptBuildPhase;
			buildActionMask = 2147483647;
			files = (
			);
			inputPaths = (
				"${SRCROOT}/Pods/Target Support Files/Pods-App/Pods-App-frameworks.sh",
				"${BUILT_PRODUCTS_DIR}/AFNetworking/AFNetworking.framework",
				"${BUILT_PRODUCTS_DIR}/BLBase/BLBase.framework",
				"${BUILT_PRODUCTS_DIR}/BLCategory/BLCategory.framework",
				"${BUILT_PRODUCTS_DIR}/DZNEmptyDataSet/DZNEmptyDataSet.framework",
				"${BUILT_PRODUCTS_DIR}/MJRefresh/MJRefresh.framework",
				"${BUILT_PRODUCTS_DIR}/Masonry/Masonry.framework",
				"${BUILT_PRODUCTS_DIR}/YYKit/YYKit.framework",
			);
			name = "[CP] Embed Pods Frameworks";
			outputPaths = (
				"${TARGET_BUILD_DIR}/${FRAMEWORKS_FOLDER_PATH}/AFNetworking.framework",
				"${TARGET_BUILD_DIR}/${FRAMEWORKS_FOLDER_PATH}/BLBase.framework",
				"${TARGET_BUILD_DIR}/${FRAMEWORKS_FOLDER_PATH}/BLCategory.framework",
				"${TARGET_BUILD_DIR}/${FRAMEWORKS_FOLDER_PATH}/DZNEmptyDataSet.framework",
				"${TARGET_BUILD_DIR}/${FRAMEWORKS_FOLDER_PATH}/MJRefresh.framework",
				"${TARGET_BUILD_DIR}/${FRAMEWORKS_FOLDER_PATH}/Masonry.framework",
				"${TARGET_BUILD_DIR}/${FRAMEWORKS_FOLDER_PATH}/YYKit.framework",
			);
			runOnlyForDeploymentPostprocessing = 0;
			shellPath = /bin/sh;
			shellScript = "\"${SRCROOT}/Pods/Target Support Files/Pods-App/Pods-App-frameworks.sh\"\n";
			showEnvVarsInLog = 0;
		};
/* End PBXShellScriptBuildPhase section */

/* Begin PBXSourcesBuildPhase section */
		8E1A230021BBA7C6000632C7 /* Sources */ = {
			isa = PBXSourcesBuildPhase;
			buildActionMask = 2147483647;
			files = (
				8E1A232F21BCB847000632C7 /* UILabel+Add.m in Sources */,
				8E1A232021BBB03D000632C7 /* BLFriendShipViewController.m in Sources */,
				8E7138CA21BCD17800EB910B /* BLFSModel.m in Sources */,
				8E1A231721BBA7C6000632C7 /* main.m in Sources */,
				8E1A230921BBA7C6000632C7 /* AppDelegate.m in Sources */,
				8E1A232521BBB116000632C7 /* BLFriendShipCell.m in Sources */,
			);
			runOnlyForDeploymentPostprocessing = 0;
		};
/* End PBXSourcesBuildPhase section */

/* Begin PBXVariantGroup section */
		8E1A231221BBA7C6000632C7 /* LaunchScreen.storyboard */ = {
			isa = PBXVariantGroup;
			children = (
				8E1A231321BBA7C6000632C7 /* Base */,
			);
			name = LaunchScreen.storyboard;
			sourceTree = "<group>";
		};
/* End PBXVariantGroup section */

/* Begin XCBuildConfiguration section */
		8E1A231821BBA7C6000632C7 /* Debug */ = {
			isa = XCBuildConfiguration;
			buildSettings = {
				ALWAYS_SEARCH_USER_PATHS = NO;
				CLANG_ANALYZER_NONNULL = YES;
				CLANG_ANALYZER_NUMBER_OBJECT_CONVERSION = YES_AGGRESSIVE;
				CLANG_CXX_LANGUAGE_STANDARD = "gnu++14";
				CLANG_CXX_LIBRARY = "libc++";
				CLANG_ENABLE_MODULES = YES;
				CLANG_ENABLE_OBJC_ARC = YES;
				CLANG_WARN_BLOCK_CAPTURE_AUTORELEASING = YES;
				CLANG_WARN_BOOL_CONVERSION = YES;
				CLANG_WARN_COMMA = YES;
				CLANG_WARN_CONSTANT_CONVERSION = YES;
				CLANG_WARN_DIRECT_OBJC_ISA_USAGE = YES_ERROR;
				CLANG_WARN_DOCUMENTATION_COMMENTS = YES;
				CLANG_WARN_EMPTY_BODY = YES;
				CLANG_WARN_ENUM_CONVERSION = YES;
				CLANG_WARN_INFINITE_RECURSION = YES;
				CLANG_WARN_INT_CONVERSION = YES;
				CLANG_WARN_NON_LITERAL_NULL_CONVERSION = YES;
				CLANG_WARN_OBJC_LITERAL_CONVERSION = YES;
				CLANG_WARN_OBJC_ROOT_CLASS = YES_ERROR;
				CLANG_WARN_RANGE_LOOP_ANALYSIS = YES;
				CLANG_WARN_STRICT_PROTOTYPES = YES;
				CLANG_WARN_SUSPICIOUS_MOVE = YES;
				CLANG_WARN_UNGUARDED_AVAILABILITY = YES_AGGRESSIVE;
				CLANG_WARN_UNREACHABLE_CODE = YES;
				CLANG_WARN__DUPLICATE_METHOD_MATCH = YES;
				CODE_SIGN_IDENTITY = "iPhone Developer";
				COPY_PHASE_STRIP = NO;
				DEBUG_INFORMATION_FORMAT = dwarf;
				ENABLE_STRICT_OBJC_MSGSEND = YES;
				ENABLE_TESTABILITY = YES;
				GCC_C_LANGUAGE_STANDARD = gnu11;
				GCC_DYNAMIC_NO_PIC = NO;
				GCC_NO_COMMON_BLOCKS = YES;
				GCC_OPTIMIZATION_LEVEL = 0;
				GCC_PREPROCESSOR_DEFINITIONS = (
					"DEBUG=1",
					"$(inherited)",
				);
				GCC_WARN_64_TO_32_BIT_CONVERSION = YES;
				GCC_WARN_ABOUT_RETURN_TYPE = YES_ERROR;
				GCC_WARN_UNDECLARED_SELECTOR = YES;
				GCC_WARN_UNINITIALIZED_AUTOS = YES_AGGRESSIVE;
				GCC_WARN_UNUSED_FUNCTION = YES;
				GCC_WARN_UNUSED_VARIABLE = YES;
				IPHONEOS_DEPLOYMENT_TARGET = 11.0;
				MTL_ENABLE_DEBUG_INFO = YES;
				ONLY_ACTIVE_ARCH = YES;
				SDKROOT = iphoneos;
			};
			name = Debug;
		};
		8E1A231921BBA7C6000632C7 /* Release */ = {
			isa = XCBuildConfiguration;
			buildSettings = {
				ALWAYS_SEARCH_USER_PATHS = NO;
				CLANG_ANALYZER_NONNULL = YES;
				CLANG_ANALYZER_NUMBER_OBJECT_CONVERSION = YES_AGGRESSIVE;
				CLANG_CXX_LANGUAGE_STANDARD = "gnu++14";
				CLANG_CXX_LIBRARY = "libc++";
				CLANG_ENABLE_MODULES = YES;
				CLANG_ENABLE_OBJC_ARC = YES;
				CLANG_WARN_BLOCK_CAPTURE_AUTORELEASING = YES;
				CLANG_WARN_BOOL_CONVERSION = YES;
				CLANG_WARN_COMMA = YES;
				CLANG_WARN_CONSTANT_CONVERSION = YES;
				CLANG_WARN_DIRECT_OBJC_ISA_USAGE = YES_ERROR;
				CLANG_WARN_DOCUMENTATION_COMMENTS = YES;
				CLANG_WARN_EMPTY_BODY = YES;
				CLANG_WARN_ENUM_CONVERSION = YES;
				CLANG_WARN_INFINITE_RECURSION = YES;
				CLANG_WARN_INT_CONVERSION = YES;
				CLANG_WARN_NON_LITERAL_NULL_CONVERSION = YES;
				CLANG_WARN_OBJC_LITERAL_CONVERSION = YES;
				CLANG_WARN_OBJC_ROOT_CLASS = YES_ERROR;
				CLANG_WARN_RANGE_LOOP_ANALYSIS = YES;
				CLANG_WARN_STRICT_PROTOTYPES = YES;
				CLANG_WARN_SUSPICIOUS_MOVE = YES;
				CLANG_WARN_UNGUARDED_AVAILABILITY = YES_AGGRESSIVE;
				CLANG_WARN_UNREACHABLE_CODE = YES;
				CLANG_WARN__DUPLICATE_METHOD_MATCH = YES;
				CODE_SIGN_IDENTITY = "iPhone Developer";
				COPY_PHASE_STRIP = NO;
				DEBUG_INFORMATION_FORMAT = "dwarf-with-dsym";
				ENABLE_NS_ASSERTIONS = NO;
				ENABLE_STRICT_OBJC_MSGSEND = YES;
				GCC_C_LANGUAGE_STANDARD = gnu11;
				GCC_NO_COMMON_BLOCKS = YES;
				GCC_WARN_64_TO_32_BIT_CONVERSION = YES;
				GCC_WARN_ABOUT_RETURN_TYPE = YES_ERROR;
				GCC_WARN_UNDECLARED_SELECTOR = YES;
				GCC_WARN_UNINITIALIZED_AUTOS = YES_AGGRESSIVE;
				GCC_WARN_UNUSED_FUNCTION = YES;
				GCC_WARN_UNUSED_VARIABLE = YES;
				IPHONEOS_DEPLOYMENT_TARGET = 11.0;
				MTL_ENABLE_DEBUG_INFO = NO;
				SDKROOT = iphoneos;
				VALIDATE_PRODUCT = YES;
			};
			name = Release;
		};
		8E1A231B21BBA7C6000632C7 /* Debug */ = {
			isa = XCBuildConfiguration;
			baseConfigurationReference = 7606965066E3535F834A85F2 /* Pods-App.debug.xcconfig */;
			buildSettings = {
				ASSETCATALOG_COMPILER_APPICON_NAME = AppIcon;
				CODE_SIGN_STYLE = Automatic;
				DEVELOPMENT_TEAM = 2G9R3A3842;
				INFOPLIST_FILE = App/Info.plist;
				IPHONEOS_DEPLOYMENT_TARGET = 8.0;
				LD_RUNPATH_SEARCH_PATHS = "$(inherited) @executable_path/Frameworks";
				PRODUCT_BUNDLE_IDENTIFIER = com.ocean.App;
				PRODUCT_NAME = "$(TARGET_NAME)";
				TARGETED_DEVICE_FAMILY = 1;
			};
			name = Debug;
		};
		8E1A231C21BBA7C6000632C7 /* Release */ = {
			isa = XCBuildConfiguration;
			baseConfigurationReference = 0A927F74CB5FCDB37D6C94CA /* Pods-App.release.xcconfig */;
			buildSettings = {
				ASSETCATALOG_COMPILER_APPICON_NAME = AppIcon;
				CODE_SIGN_STYLE = Automatic;
				DEVELOPMENT_TEAM = 2G9R3A3842;
				INFOPLIST_FILE = App/Info.plist;
				IPHONEOS_DEPLOYMENT_TARGET = 8.0;
				LD_RUNPATH_SEARCH_PATHS = "$(inherited) @executable_path/Frameworks";
				PRODUCT_BUNDLE_IDENTIFIER = com.ocean.App;
				PRODUCT_NAME = "$(TARGET_NAME)";
				TARGETED_DEVICE_FAMILY = 1;
			};
			name = Release;
		};
/* End XCBuildConfiguration section */

/* Begin XCConfigurationList section */
		8E1A22FF21BBA7C6000632C7 /* Build configuration list for PBXProject "App" */ = {
			isa = XCConfigurationList;
			buildConfigurations = (
				8E1A231821BBA7C6000632C7 /* Debug */,
				8E1A231921BBA7C6000632C7 /* Release */,
			);
			defaultConfigurationIsVisible = 0;
			defaultConfigurationName = Release;
		};
		8E1A231A21BBA7C6000632C7 /* Build configuration list for PBXNativeTarget "App" */ = {
			isa = XCConfigurationList;
			buildConfigurations = (
				8E1A231B21BBA7C6000632C7 /* Debug */,
				8E1A231C21BBA7C6000632C7 /* Release */,
			);
			defaultConfigurationIsVisible = 0;
			defaultConfigurationName = Release;
		};
/* End XCConfigurationList section */
	};
	rootObject = 8E1A22FC21BBA7C6000632C7 /* Project object */;
}
